
Microsoft Visual Studio Solution File, Format Version 12.00
# Visual Studio Version 17
VisualStudioVersion = 17.1.32328.378
MinimumVisualStudioVersion = 10.0.40219.1
Project("{FAE04EC0-301F-11D3-BF4B-00C04F79EFBC}") = "gennemsnitTal", "gennemsnitTal.csproj", "{BAB8D889-9ACC-43C0-8EAE-E5FCA86AF5CF}"
EndProject
Global
	GlobalSection(SolutionConfigurationPlatforms) = preSolution
		Debug|Any CPU = Debug|Any CPU
		Release|Any CPU = Release|Any CPU
	EndGlobalSection
	GlobalSection(ProjectConfigurationPlatforms) = postSolution
		{BAB8D889-9ACC-43C0-8EAE-E5FCA86AF5CF}.Debug|Any CPU.ActiveCfg = Debug|Any CPU
		{BAB8D889-9ACC-43C0-8EAE-E5FCA86AF5CF}.Debug|Any CPU.Build.0 = Debug|Any CPU
		{BAB8D889-9ACC-43C0-8EAE-E5FCA86AF5CF}.Release|Any CPU.ActiveCfg = Release|Any CPU
		{BAB8D889-9ACC-43C0-8EAE-E5FCA86AF5CF}.Release|Any CPU.Build.0 = Release|Any CPU
	EndGlobalSection
	GlobalSection(SolutionProperties) = preSolution
		HideSolutionNode = FALSE
	EndGlobalSection
	GlobalSection(ExtensibilityGlobals) = postSolution
		SolutionGuid = {4E09CBFC-26B2-4E63-9876-1946F89361CA}
	EndGlobalSection
EndGlobal
